
Microsoft Visual Studio Solution File, Format Version 12.00
# Visual Studio 15
Project("{2150E333-8FDC-42A3-9474-1A3956D46DE8}") = "src", "src", "{17020459-7192-4231-BBF4-EDEE5780C09A}"
EndProject
Project("{2150E333-8FDC-42A3-9474-1A3956D46DE8}") = "Catalog", "Catalog", "{2C5A41B4-4B46-426D-95A8-CC01DF802543}"
EndProject
Project("{E53339B2-1760-4266-BCC7-CA923CBCF16C}") = "docker-compose", "docker-compose.dcproj", "{B33796F9-D6E2-4AF7-91DE-9A2A2A941640}"
EndProject
Project("{FAE04EC0-301F-11D3-BF4B-00C04F79EFBC}") = "Catalog.API", "src\Catalog\Catalog.API\Catalog.API.csproj", "{77595EA2-FAB4-4615-9C71-D7372FC25D81}"
EndProject
Project("{2150E333-8FDC-42A3-9474-1A3956D46DE8}") = "Basket", "Basket", "{E6D98CF9-F271-4E55-982B-AAB503ECD684}"
EndProject
Project("{FAE04EC0-301F-11D3-BF4B-00C04F79EFBC}") = "Basket.API", "src\Basket\Basket.API\Basket.API.csproj", "{B8A09230-47C8-4865-BF09-D7077D11D38B}"
EndProject
Project("{2150E333-8FDC-42A3-9474-1A3956D46DE8}") = "Common", "Common", "{ADCD038D-0E3C-474D-B478-2F6634485DE0}"
EndProject
Project("{FAE04EC0-301F-11D3-BF4B-00C04F79EFBC}") = "EventBusRabbitMQ", "src\Common\EventBusRabbitMQ\EventBusRabbitMQ.csproj", "{792157C3-3789-4D3A-83FC-3B2A3BD2F5DB}"
EndProject
Project("{2150E333-8FDC-42A3-9474-1A3956D46DE8}") = "Ordering", "Ordering", "{C49C1847-82A1-49C2-82BA-1EDC64BD2C74}"
EndProject
Project("{FAE04EC0-301F-11D3-BF4B-00C04F79EFBC}") = "Ordering.API", "src\Ordering\Order.API\Ordering.API.csproj", "{4DF280D1-26CA-413A-BB6F-F3FD0090DB96}"
EndProject
Project("{FAE04EC0-301F-11D3-BF4B-00C04F79EFBC}") = "Ordering.Core", "src\Ordering\Ordering.Core\Ordering.Core.csproj", "{B2473E61-2D86-4984-AD76-0CDAA4081D89}"
EndProject
Project("{FAE04EC0-301F-11D3-BF4B-00C04F79EFBC}") = "Ordering.Infrastructure", "src\Ordering\Ordering.Infrastructure\Ordering.Infrastructure.csproj", "{1B78B39A-5C60-4658-9192-00053FAED146}"
EndProject
Global
	GlobalSection(SolutionConfigurationPlatforms) = preSolution
		Debug|Any CPU = Debug|Any CPU
		Release|Any CPU = Release|Any CPU
	EndGlobalSection
	GlobalSection(ProjectConfigurationPlatforms) = postSolution
		{B33796F9-D6E2-4AF7-91DE-9A2A2A941640}.Debug|Any CPU.ActiveCfg = Debug|Any CPU
		{B33796F9-D6E2-4AF7-91DE-9A2A2A941640}.Debug|Any CPU.Build.0 = Debug|Any CPU
		{B33796F9-D6E2-4AF7-91DE-9A2A2A941640}.Release|Any CPU.ActiveCfg = Release|Any CPU
		{B33796F9-D6E2-4AF7-91DE-9A2A2A941640}.Release|Any CPU.Build.0 = Release|Any CPU
		{77595EA2-FAB4-4615-9C71-D7372FC25D81}.Debug|Any CPU.ActiveCfg = Debug|Any CPU
		{77595EA2-FAB4-4615-9C71-D7372FC25D81}.Debug|Any CPU.Build.0 = Debug|Any CPU
		{77595EA2-FAB4-4615-9C71-D7372FC25D81}.Release|Any CPU.ActiveCfg = Release|Any CPU
		{77595EA2-FAB4-4615-9C71-D7372FC25D81}.Release|Any CPU.Build.0 = Release|Any CPU
		{B8A09230-47C8-4865-BF09-D7077D11D38B}.Debug|Any CPU.ActiveCfg = Debug|Any CPU
		{B8A09230-47C8-4865-BF09-D7077D11D38B}.Debug|Any CPU.Build.0 = Debug|Any CPU
		{B8A09230-47C8-4865-BF09-D7077D11D38B}.Release|Any CPU.ActiveCfg = Release|Any CPU
		{B8A09230-47C8-4865-BF09-D7077D11D38B}.Release|Any CPU.Build.0 = Release|Any CPU
		{792157C3-3789-4D3A-83FC-3B2A3BD2F5DB}.Debug|Any CPU.ActiveCfg = Debug|Any CPU
		{792157C3-3789-4D3A-83FC-3B2A3BD2F5DB}.Debug|Any CPU.Build.0 = Debug|Any CPU
		{792157C3-3789-4D3A-83FC-3B2A3BD2F5DB}.Release|Any CPU.ActiveCfg = Release|Any CPU
		{792157C3-3789-4D3A-83FC-3B2A3BD2F5DB}.Release|Any CPU.Build.0 = Release|Any CPU
		{4DF280D1-26CA-413A-BB6F-F3FD0090DB96}.Debug|Any CPU.ActiveCfg = Debug|Any CPU
		{4DF280D1-26CA-413A-BB6F-F3FD0090DB96}.Debug|Any CPU.Build.0 = Debug|Any CPU
		{4DF280D1-26CA-413A-BB6F-F3FD0090DB96}.Release|Any CPU.ActiveCfg = Release|Any CPU
		{4DF280D1-26CA-413A-BB6F-F3FD0090DB96}.Release|Any CPU.Build.0 = Release|Any CPU
		{B2473E61-2D86-4984-AD76-0CDAA4081D89}.Debug|Any CPU.ActiveCfg = Debug|Any CPU
		{B2473E61-2D86-4984-AD76-0CDAA4081D89}.Debug|Any CPU.Build.0 = Debug|Any CPU
		{B2473E61-2D86-4984-AD76-0CDAA4081D89}.Release|Any CPU.ActiveCfg = Release|Any CPU
		{B2473E61-2D86-4984-AD76-0CDAA4081D89}.Release|Any CPU.Build.0 = Release|Any CPU
		{1B78B39A-5C60-4658-9192-00053FAED146}.Debug|Any CPU.ActiveCfg = Debug|Any CPU
		{1B78B39A-5C60-4658-9192-00053FAED146}.Debug|Any CPU.Build.0 = Debug|Any CPU
		{1B78B39A-5C60-4658-9192-00053FAED146}.Release|Any CPU.ActiveCfg = Release|Any CPU
		{1B78B39A-5C60-4658-9192-00053FAED146}.Release|Any CPU.Build.0 = Release|Any CPU
	EndGlobalSection
	GlobalSection(NestedProjects) = preSolution
		{2C5A41B4-4B46-426D-95A8-CC01DF802543} = {17020459-7192-4231-BBF4-EDEE5780C09A}
		{77595EA2-FAB4-4615-9C71-D7372FC25D81} = {2C5A41B4-4B46-426D-95A8-CC01DF802543}
		{E6D98CF9-F271-4E55-982B-AAB503ECD684} = {17020459-7192-4231-BBF4-EDEE5780C09A}
		{B8A09230-47C8-4865-BF09-D7077D11D38B} = {E6D98CF9-F271-4E55-982B-AAB503ECD684}
		{ADCD038D-0E3C-474D-B478-2F6634485DE0} = {17020459-7192-4231-BBF4-EDEE5780C09A}
		{792157C3-3789-4D3A-83FC-3B2A3BD2F5DB} = {ADCD038D-0E3C-474D-B478-2F6634485DE0}
		{C49C1847-82A1-49C2-82BA-1EDC64BD2C74} = {17020459-7192-4231-BBF4-EDEE5780C09A}
		{4DF280D1-26CA-413A-BB6F-F3FD0090DB96} = {C49C1847-82A1-49C2-82BA-1EDC64BD2C74}
		{B2473E61-2D86-4984-AD76-0CDAA4081D89} = {C49C1847-82A1-49C2-82BA-1EDC64BD2C74}
		{1B78B39A-5C60-4658-9192-00053FAED146} = {C49C1847-82A1-49C2-82BA-1EDC64BD2C74}
	EndGlobalSection
EndGlobal
